{
  "nodes": {
    "data": {
      "inputs": {
        "nixpkgs": "nixpkgs"
      },
      "locked": {
        "lastModified": 1636679206,
        "narHash": "sha256-GiQxrAFWv2pYSByOQGJAW7qwKF+e5y95ifVP81UMvz8=",
        "owner": "Ninlives",
        "repo": "data",
        "rev": "59f5b2220701a643e28919f47846c5b797a5ca83",
        "type": "github"
      },
      "original": {
        "owner": "Ninlives",
        "repo": "data",
        "type": "github"
      }
    },
    "external": {
      "inputs": {
        "flake-utils": "flake-utils",
        "nixpkgs": "nixpkgs_2"
      },
      "locked": {
        "lastModified": 1636688569,
        "narHash": "sha256-OkJv0478Tfcy8FiCpmeben3DFd8uAzoRqnuF/9sQQKk=",
        "owner": "nixos-cn",
        "repo": "flakes",
        "rev": "e12f34ac3cc1dac85e0beb7c0c9a4593efbd41cb",
        "type": "github"
      },
      "original": {
        "owner": "nixos-cn",
        "repo": "flakes",
        "type": "github"
      }
    },
    "flake-utils": {
      "locked": {
        "lastModified": 1634851050,
        "narHash": "sha256-N83GlSGPJJdcqhUxSCS/WwW5pksYf3VP1M13cDRTSVA=",
        "owner": "numtide",
        "repo": "flake-utils",
        "rev": "c91f3de5adaf1de973b797ef7485e441a65b8935",
        "type": "github"
      },
      "original": {
        "owner": "numtide",
        "repo": "flake-utils",
        "type": "github"
      }
    },
    "flake-utils_2": {
      "locked": {
        "lastModified": 1634851050,
        "narHash": "sha256-N83GlSGPJJdcqhUxSCS/WwW5pksYf3VP1M13cDRTSVA=",
        "owner": "numtide",
        "repo": "flake-utils",
        "rev": "c91f3de5adaf1de973b797ef7485e441a65b8935",
        "type": "github"
      },
      "original": {
        "owner": "numtide",
        "repo": "flake-utils",
        "type": "github"
      }
    },
    "home-manager": {
      "inputs": {
        "nixpkgs": [
          "nixpkgs"
        ]
      },
      "locked": {
        "lastModified": 1636520380,
        "narHash": "sha256-gBiQ8+AQG6Dia34rqJDuqs6VFe/J1SjIhOZBeTXCKQI=",
        "owner": "nix-community",
        "repo": "home-manager",
        "rev": "1e5c8e9bff00d0844bc3d25d1a98eab5633e600b",
        "type": "github"
      },
      "original": {
        "owner": "nix-community",
        "repo": "home-manager",
        "type": "github"
      }
    },
    "nixpkgs": {
      "locked": {
        "lastModified": 1623589201,
        "narHash": "sha256-f29Rp2XFmfjtwldUyRvMz0X93/Nf6J8i4WBvVVKqCHs=",
        "owner": "NixOS",
        "repo": "nixpkgs",
        "rev": "6aa2bb6a818d12d4cf296f736263011611cf2610",
        "type": "github"
      },
      "original": {
        "owner": "NixOS",
        "ref": "nixos-unstable-small",
        "repo": "nixpkgs",
        "type": "github"
      }
    },
    "nixpkgs_2": {
      "locked": {
        "lastModified": 1636443933,
        "narHash": "sha256-ABJmNQdzFWWxaqkb0C0kd9f/MmUtmnQrxm9sZPhgm/s=",
        "owner": "NixOS",
        "repo": "nixpkgs",
        "rev": "9e70e9f732fbb15872cb4ea11bd43c14328a0b69",
        "type": "github"
      },
      "original": {
        "owner": "NixOS",
        "ref": "nixos-unstable",
        "repo": "nixpkgs",
        "type": "github"
      }
    },
    "nixpkgs_3": {
      "locked": {
        "lastModified": 1636678824,
        "narHash": "sha256-NDB9CenPn5z2xbmG/X+Mg6Jd8iUEf7dfprQfXxSD6X8=",
        "owner": "NixOS",
        "repo": "nixpkgs",
        "rev": "bf346b557b76ffce74167f37752656dede5957f3",
        "type": "github"
      },
      "original": {
        "owner": "NixOS",
        "ref": "nixos-unstable-small",
        "repo": "nixpkgs",
        "type": "github"
      }
    },
    "root": {
      "inputs": {
        "data": "data",
        "external": "external",
        "flake-utils": "flake-utils_2",
        "home-manager": "home-manager",
        "nixpkgs": "nixpkgs_3",
        "sops-nix": "sops-nix"
      }
    },
    "sops-nix": {
      "inputs": {
        "nixpkgs": [
          "nixpkgs"
        ]
      },
      "locked": {
        "lastModified": 1636497917,
        "narHash": "sha256-8U0Tvot7U5KJ8vpn6xR611v7b441QdAQC04xhxjMHOc=",
        "owner": "Mic92",
        "repo": "sops-nix",
        "rev": "a8cbd0c796e4678f0fd2e59f274e49705ee523ed",
        "type": "github"
      },
      "original": {
        "owner": "Mic92",
        "repo": "sops-nix",
        "type": "github"
      }
    }
  },
  "root": "root",
  "version": 7
}
