{
  "nodes": {
    "data": {
      "inputs": {
        "nixpkgs": "nixpkgs"
      },
      "locked": {
        "lastModified": 1654704977,
        "narHash": "sha256-oUs76obmXLKE5VtOU5rUmU3tIxRx+NAZ+OaWrerVDnE=",
        "owner": "Ninlives",
        "repo": "data",
        "rev": "6621c2b113dc46bfdb1c768162a37093e9f3e801",
        "type": "github"
      },
      "original": {
        "owner": "Ninlives",
        "repo": "data",
        "type": "github"
      }
    },
    "external": {
      "inputs": {
        "flake-utils": "flake-utils",
        "nixpkgs": "nixpkgs_2"
      },
      "locked": {
        "lastModified": 1654567533,
        "narHash": "sha256-iaE8RFC85PZpcvcP5MTD8Bx52vJp5d/JXNOpItgbutI=",
        "owner": "nixos-cn",
        "repo": "flakes",
        "rev": "c91ab08a90218a82d1a2c7675602c106f7e2a6df",
        "type": "github"
      },
      "original": {
        "owner": "nixos-cn",
        "repo": "flakes",
        "type": "github"
      }
    },
    "flake-utils": {
      "locked": {
        "lastModified": 1638122382,
        "narHash": "sha256-sQzZzAbvKEqN9s0bzWuYmRaA03v40gaJ4+iL1LXjaeI=",
        "owner": "numtide",
        "repo": "flake-utils",
        "rev": "74f7e4319258e287b0f9cb95426c9853b282730b",
        "type": "github"
      },
      "original": {
        "owner": "numtide",
        "repo": "flake-utils",
        "type": "github"
      }
    },
    "flake-utils_2": {
      "locked": {
        "lastModified": 1653893745,
        "narHash": "sha256-0jntwV3Z8//YwuOjzhV2sgJJPt+HY6KhU7VZUL0fKZQ=",
        "owner": "numtide",
        "repo": "flake-utils",
        "rev": "1ed9fb1935d260de5fe1c2f7ee0ebaae17ed2fa1",
        "type": "github"
      },
      "original": {
        "owner": "numtide",
        "repo": "flake-utils",
        "type": "github"
      }
    },
    "home-manager": {
      "inputs": {
        "nixpkgs": [
          "nixpkgs"
        ]
      },
      "locked": {
        "lastModified": 1654422613,
        "narHash": "sha256-ZxkMM13AnrMwYOV99ohzcqeTkAOqD9Q2SBdZ9WoFE9Y=",
        "owner": "nix-community",
        "repo": "home-manager",
        "rev": "20703892473d01c70fb10248442231fe94f4ceb4",
        "type": "github"
      },
      "original": {
        "owner": "nix-community",
        "repo": "home-manager",
        "type": "github"
      }
    },
    "nixpkgs": {
      "locked": {
        "lastModified": 1623589201,
        "narHash": "sha256-f29Rp2XFmfjtwldUyRvMz0X93/Nf6J8i4WBvVVKqCHs=",
        "owner": "NixOS",
        "repo": "nixpkgs",
        "rev": "6aa2bb6a818d12d4cf296f736263011611cf2610",
        "type": "github"
      },
      "original": {
        "owner": "NixOS",
        "ref": "nixos-unstable-small",
        "repo": "nixpkgs",
        "type": "github"
      }
    },
    "nixpkgs-21_11": {
      "locked": {
        "lastModified": 1654346688,
        "narHash": "sha256-Y7QtZkfdxTvACCvWmDjpN6qOf4OKkZATufHcJP2VMKM=",
        "owner": "NixOS",
        "repo": "nixpkgs",
        "rev": "2de556c4cd46a59e8ce2f85ee4dd400983213d45",
        "type": "github"
      },
      "original": {
        "owner": "NixOS",
        "ref": "release-21.11",
        "repo": "nixpkgs",
        "type": "github"
      }
    },
    "nixpkgs-22_05": {
      "locked": {
        "lastModified": 1654373220,
        "narHash": "sha256-3vKFnZz2oYHo4YcelaNOhO4XQ2jiIEXrp1s4w+e773c=",
        "owner": "NixOS",
        "repo": "nixpkgs",
        "rev": "d6cb04299ce8964290ae7fdcb87aa50da0500b5c",
        "type": "github"
      },
      "original": {
        "owner": "NixOS",
        "ref": "release-22.05",
        "repo": "nixpkgs",
        "type": "github"
      }
    },
    "nixpkgs_2": {
      "locked": {
        "lastModified": 1642104392,
        "narHash": "sha256-m71b7MgMh9FDv4MnI5sg9MiBVW6DhE1zq+d/KlLWSC8=",
        "owner": "NixOS",
        "repo": "nixpkgs",
        "rev": "5aaed40d22f0d9376330b6fa413223435ad6fee5",
        "type": "github"
      },
      "original": {
        "owner": "NixOS",
        "ref": "nixos-unstable",
        "repo": "nixpkgs",
        "type": "github"
      }
    },
    "nixpkgs_3": {
      "locked": {
        "lastModified": 1654414801,
        "narHash": "sha256-HSzC2kS7zRYfd4qw/IICrcP46jZFdWGgSSR7DtlgOiI=",
        "owner": "NixOS",
        "repo": "nixpkgs",
        "rev": "34a7b3142e34796133fcb3f9c857d7b17982fdaa",
        "type": "github"
      },
      "original": {
        "owner": "NixOS",
        "ref": "nixos-unstable-small",
        "repo": "nixpkgs",
        "type": "github"
      }
    },
    "root": {
      "inputs": {
        "data": "data",
        "external": "external",
        "flake-utils": "flake-utils_2",
        "home-manager": "home-manager",
        "nixpkgs": "nixpkgs_3",
        "sops-nix": "sops-nix"
      }
    },
    "sops-nix": {
      "inputs": {
        "nixpkgs": [
          "nixpkgs"
        ],
        "nixpkgs-21_11": "nixpkgs-21_11",
        "nixpkgs-22_05": "nixpkgs-22_05"
      },
      "locked": {
        "lastModified": 1654401128,
        "narHash": "sha256-uCdQ2fzIPGakHw2TkvOncUvCl7Fo7z/vagpDWYooO7s=",
        "owner": "Mic92",
        "repo": "sops-nix",
        "rev": "f075361ecbde21535b38e41dfaa28a28f160855c",
        "type": "github"
      },
      "original": {
        "owner": "Mic92",
        "repo": "sops-nix",
        "type": "github"
      }
    }
  },
  "root": "root",
  "version": 7
}
