{
  "nodes": {
    "bats-assert": {
      "flake": false,
      "locked": {
        "lastModified": 1636059754,
        "narHash": "sha256-ewME0l27ZqfmAwJO4h5biTALc9bDLv7Bl3ftBzBuZwk=",
        "owner": "bats-core",
        "repo": "bats-assert",
        "rev": "34551b1d7f8c7b677c1a66fc0ac140d6223409e5",
        "type": "github"
      },
      "original": {
        "owner": "bats-core",
        "repo": "bats-assert",
        "type": "github"
      }
    },
    "bats-support": {
      "flake": false,
      "locked": {
        "lastModified": 1548869839,
        "narHash": "sha256-Gr4ntadr42F2Ks8Pte2D4wNDbijhujuoJi4OPZnTAZU=",
        "owner": "bats-core",
        "repo": "bats-support",
        "rev": "d140a65044b2d6810381935ae7f0c94c7023c8c3",
        "type": "github"
      },
      "original": {
        "owner": "bats-core",
        "repo": "bats-support",
        "type": "github"
      }
    },
    "crane": {
      "locked": {
        "lastModified": 1778106249,
        "narHash": "sha256-cM/AuKy5tMhwOOQIbha8ZRRMHVfNf7cv2aljIw+qoCg=",
        "owner": "ipetkov",
        "repo": "crane",
        "rev": "6d015ea29630b7ad2402841386da2cb617a470a7",
        "type": "github"
      },
      "original": {
        "owner": "ipetkov",
        "repo": "crane",
        "type": "github"
      }
    },
    "data": {
      "inputs": {
        "nixpkgs": "nixpkgs"
      },
      "locked": {
        "lastModified": 1778811223,
        "narHash": "sha256-U/1581bk6qBLxxmd8r6QpuWEZFZ4aYJFMRjFTgniHhw=",
        "owner": "Ninlives",
        "repo": "data",
        "rev": "5c4878379ea4808a666053a59f14e89018de3a9a",
        "type": "github"
      },
      "original": {
        "owner": "Ninlives",
        "repo": "data",
        "type": "github"
      }
    },
    "deckbd": {
      "inputs": {
        "nixpkgs": [
          "nixpkgs"
        ]
      },
      "locked": {
        "lastModified": 1719826298,
        "narHash": "sha256-Svp/5Mo/XkiptbTM3E4QhSRxC6rMeF0t3eTq9BUjLbs=",
        "owner": "Ninlives",
        "repo": "deckbd",
        "rev": "1d2c71f2c096fbfa42624dd820a9d11a35c64826",
        "type": "github"
      },
      "original": {
        "owner": "Ninlives",
        "repo": "deckbd",
        "type": "github"
      }
    },
    "disko": {
      "inputs": {
        "nixpkgs": [
          "nixpkgs"
        ]
      },
      "locked": {
        "lastModified": 1768920986,
        "narHash": "sha256-CNzzBsRhq7gg4BMBuTDObiWDH/rFYHEuDRVOwCcwXw4=",
        "owner": "nix-community",
        "repo": "disko",
        "rev": "de5708739256238fb912c62f03988815db89ec9a",
        "type": "github"
      },
      "original": {
        "owner": "nix-community",
        "ref": "latest",
        "repo": "disko",
        "type": "github"
      }
    },
    "flake-compat": {
      "flake": false,
      "locked": {
        "lastModified": 1767039857,
        "narHash": "sha256-vNpUSpF5Nuw8xvDLj2KCwwksIbjua2LZCqhV1LNRDns=",
        "owner": "NixOS",
        "repo": "flake-compat",
        "rev": "5edf11c44bc78a0d334f6334cdaf7d60d732daab",
        "type": "github"
      },
      "original": {
        "owner": "NixOS",
        "repo": "flake-compat",
        "type": "github"
      }
    },
    "flake-parts": {
      "inputs": {
        "nixpkgs-lib": "nixpkgs-lib"
      },
      "locked": {
        "lastModified": 1778716662,
        "narHash": "sha256-m1Yf0wZ8j1OHjTc2UwHwyQRSnNeSgLJOd7q5Y45hzi4=",
        "owner": "hercules-ci",
        "repo": "flake-parts",
        "rev": "f7c1a2d347e4c52d5fb8d10cb4d94b5884e546fb",
        "type": "github"
      },
      "original": {
        "owner": "hercules-ci",
        "repo": "flake-parts",
        "type": "github"
      }
    },
    "flake-utils": {
      "inputs": {
        "systems": "systems"
      },
      "locked": {
        "lastModified": 1731533236,
        "narHash": "sha256-l0KFg5HjrsfsO/JpG+r7fRrqm12kzFHyUHqHCVpMMbI=",
        "owner": "numtide",
        "repo": "flake-utils",
        "rev": "11707dc2f618dd54ca8739b309ec4fc024de578b",
        "type": "github"
      },
      "original": {
        "id": "flake-utils",
        "type": "indirect"
      }
    },
    "flake-utils_2": {
      "inputs": {
        "systems": "systems_2"
      },
      "locked": {
        "lastModified": 1685518550,
        "narHash": "sha256-o2d0KcvaXzTrPRIo0kOLV0/QXHhDQ5DTi+OxcjO8xqY=",
        "owner": "numtide",
        "repo": "flake-utils",
        "rev": "a1720a10a6cfe8234c0e93907ffe81be440f4cef",
        "type": "github"
      },
      "original": {
        "owner": "numtide",
        "repo": "flake-utils",
        "type": "github"
      }
    },
    "flake-utils_3": {
      "locked": {
        "lastModified": 1634851050,
        "narHash": "sha256-N83GlSGPJJdcqhUxSCS/WwW5pksYf3VP1M13cDRTSVA=",
        "owner": "numtide",
        "repo": "flake-utils",
        "rev": "c91f3de5adaf1de973b797ef7485e441a65b8935",
        "type": "github"
      },
      "original": {
        "owner": "numtide",
        "repo": "flake-utils",
        "type": "github"
      }
    },
    "flake-utils_4": {
      "inputs": {
        "systems": "systems_3"
      },
      "locked": {
        "lastModified": 1701680307,
        "narHash": "sha256-kAuep2h5ajznlPMD9rnQyffWG8EM/C73lejGofXvdM8=",
        "owner": "numtide",
        "repo": "flake-utils",
        "rev": "4022d587cbbfd70fe950c1e2083a02621806a725",
        "type": "github"
      },
      "original": {
        "owner": "numtide",
        "repo": "flake-utils",
        "type": "github"
      }
    },
    "gitignore": {
      "inputs": {
        "nixpkgs": [
          "lanzaboote",
          "pre-commit",
          "nixpkgs"
        ]
      },
      "locked": {
        "lastModified": 1709087332,
        "narHash": "sha256-HG2cCnktfHsKV0s4XW83gU3F57gaTljL9KNSuG6bnQs=",
        "owner": "hercules-ci",
        "repo": "gitignore.nix",
        "rev": "637db329424fd7e46cf4185293b9cc8c88c95394",
        "type": "github"
      },
      "original": {
        "owner": "hercules-ci",
        "repo": "gitignore.nix",
        "type": "github"
      }
    },
    "hledger-pkgs": {
      "locked": {
        "lastModified": 1744868846,
        "narHash": "sha256-5RJTdUHDmj12Qsv7XOhuospjAjATNiTMElplWnJE9Hs=",
        "owner": "NixOS",
        "repo": "nixpkgs",
        "rev": "ebe4301cbd8f81c4f8d3244b3632338bbeb6d49c",
        "type": "github"
      },
      "original": {
        "owner": "NixOS",
        "repo": "nixpkgs",
        "rev": "ebe4301cbd8f81c4f8d3244b3632338bbeb6d49c",
        "type": "github"
      }
    },
    "home-manager": {
      "inputs": {
        "nixpkgs": [
          "nixpkgs"
        ]
      },
      "locked": {
        "lastModified": 1778805320,
        "narHash": "sha256-nGFJ01m2CTBKD4ABtcY4vLhHrRN91LKr/pn41PcU78A=",
        "owner": "nix-community",
        "repo": "home-manager",
        "rev": "9846abe15e7d0d36b8acbd4d05f2b87461744c92",
        "type": "github"
      },
      "original": {
        "owner": "nix-community",
        "repo": "home-manager",
        "type": "github"
      }
    },
    "jovian": {
      "inputs": {
        "nix-github-actions": "nix-github-actions",
        "nixpkgs": "nixpkgs_2"
      },
      "locked": {
        "lastModified": 1778656613,
        "narHash": "sha256-msfEuGxdU3hMykJKkkKfE+kT1Us/3o4XLjdOaQLyYHA=",
        "owner": "Jovian-Experiments",
        "repo": "Jovian-NixOS",
        "rev": "98800e4d24a3be2d5e9fa47e0dc7c5a1982f99a7",
        "type": "github"
      },
      "original": {
        "owner": "Jovian-Experiments",
        "repo": "Jovian-NixOS",
        "type": "github"
      }
    },
    "lanzaboote": {
      "inputs": {
        "crane": "crane",
        "nixpkgs": "nixpkgs_3",
        "pre-commit": "pre-commit",
        "rust-overlay": "rust-overlay"
      },
      "locked": {
        "lastModified": 1778702031,
        "narHash": "sha256-HJ4e4IQz7TJ1wDmEnkowXCM6SYXF9sfYg8nmUYHCnpI=",
        "owner": "nix-community",
        "repo": "lanzaboote",
        "rev": "f11608843ca4fa95049c096ec0a50c93b41080b8",
        "type": "github"
      },
      "original": {
        "owner": "nix-community",
        "repo": "lanzaboote",
        "type": "github"
      }
    },
    "minegrub-theme": {
      "inputs": {
        "nixpkgs": "nixpkgs_4"
      },
      "locked": {
        "lastModified": 1775570192,
        "narHash": "sha256-wTLOBy3l/FaIGJWRGFTVYsITkou0lmDU3uAMxvOCCN8=",
        "owner": "Lxtharia",
        "repo": "minegrub-theme",
        "rev": "8ba52f8402ed642abf0f6eee32c407412a3ceae6",
        "type": "github"
      },
      "original": {
        "owner": "Lxtharia",
        "repo": "minegrub-theme",
        "type": "github"
      }
    },
    "nix-github-actions": {
      "inputs": {
        "nixpkgs": [
          "jovian",
          "nixpkgs"
        ]
      },
      "locked": {
        "lastModified": 1729697500,
        "narHash": "sha256-VFTWrbzDlZyFHHb1AlKRiD/qqCJIripXKiCSFS8fAOY=",
        "owner": "zhaofengli",
        "repo": "nix-github-actions",
        "rev": "e418aeb728b6aa5ca8c5c71974e7159c2df1d8cf",
        "type": "github"
      },
      "original": {
        "owner": "zhaofengli",
        "ref": "matrix-name",
        "repo": "nix-github-actions",
        "type": "github"
      }
    },
    "nixpkgs": {
      "locked": {
        "lastModified": 1623589201,
        "narHash": "sha256-f29Rp2XFmfjtwldUyRvMz0X93/Nf6J8i4WBvVVKqCHs=",
        "owner": "NixOS",
        "repo": "nixpkgs",
        "rev": "6aa2bb6a818d12d4cf296f736263011611cf2610",
        "type": "github"
      },
      "original": {
        "owner": "NixOS",
        "ref": "nixos-unstable-small",
        "repo": "nixpkgs",
        "type": "github"
      }
    },
    "nixpkgs-lib": {
      "locked": {
        "lastModified": 1777168982,
        "narHash": "sha256-GOkGPcboWE9BmGCRMLX3worL4EMnsnG8MyKmXNeYuhQ=",
        "owner": "nix-community",
        "repo": "nixpkgs.lib",
        "rev": "f5901329dade4a6ea039af1433fb087bd9c1fe14",
        "type": "github"
      },
      "original": {
        "owner": "nix-community",
        "repo": "nixpkgs.lib",
        "type": "github"
      }
    },
    "nixpkgs_10": {
      "locked": {
        "lastModified": 1690083312,
        "narHash": "sha256-I3egwgNXavad1eIjWu1kYyi0u73di/sMmlnQIuzQASk=",
        "owner": "NixOS",
        "repo": "nixpkgs",
        "rev": "af8cd5ded7735ca1df1a1174864daab75feeb64a",
        "type": "github"
      },
      "original": {
        "owner": "NixOS",
        "repo": "nixpkgs",
        "type": "github"
      }
    },
    "nixpkgs_2": {
      "locked": {
        "lastModified": 1777954456,
        "narHash": "sha256-hGdgeU2Nk87RAuZyYjyDjFL6LK7dAZN5RE9+hrDTkDU=",
        "owner": "NixOS",
        "repo": "nixpkgs",
        "rev": "549bd84d6279f9852cae6225e372cc67fb91a4c1",
        "type": "github"
      },
      "original": {
        "owner": "NixOS",
        "ref": "nixos-unstable",
        "repo": "nixpkgs",
        "type": "github"
      }
    },
    "nixpkgs_3": {
      "locked": {
        "lastModified": 1777954456,
        "narHash": "sha256-hGdgeU2Nk87RAuZyYjyDjFL6LK7dAZN5RE9+hrDTkDU=",
        "owner": "NixOS",
        "repo": "nixpkgs",
        "rev": "549bd84d6279f9852cae6225e372cc67fb91a4c1",
        "type": "github"
      },
      "original": {
        "owner": "NixOS",
        "ref": "nixos-unstable",
        "repo": "nixpkgs",
        "type": "github"
      }
    },
    "nixpkgs_4": {
      "locked": {
        "lastModified": 1689850295,
        "narHash": "sha256-fUYf6WdQlhd2H+3aR8jST5dhFH1d0eE22aes8fNIfyk=",
        "owner": "NixOS",
        "repo": "nixpkgs",
        "rev": "5df4d78d54f7a34e9ea1f84a22b4fd9baebc68d0",
        "type": "github"
      },
      "original": {
        "owner": "NixOS",
        "ref": "nixos-unstable",
        "repo": "nixpkgs",
        "type": "github"
      }
    },
    "nixpkgs_5": {
      "locked": {
        "lastModified": 1778729098,
        "narHash": "sha256-17SbusskVZng4nwevRqsWNJf27nMG7UczvtgWTUJttg=",
        "owner": "NixOS",
        "repo": "nixpkgs",
        "rev": "39ea44cddd5060b8cd413ed5e13c6af61f302283",
        "type": "github"
      },
      "original": {
        "owner": "NixOS",
        "ref": "nixos-unstable-small",
        "repo": "nixpkgs",
        "type": "github"
      }
    },
    "nixpkgs_6": {
      "locked": {
        "lastModified": 1746576598,
        "narHash": "sha256-FshoQvr6Aor5SnORVvh/ZdJ1Sa2U4ZrIMwKBX5k2wu0=",
        "owner": "NixOS",
        "repo": "nixpkgs",
        "rev": "b3582c75c7f21ce0b429898980eddbbf05c68e55",
        "type": "github"
      },
      "original": {
        "id": "nixpkgs",
        "type": "indirect"
      }
    },
    "nixpkgs_7": {
      "locked": {
        "lastModified": 1686895299,
        "narHash": "sha256-eG5T8IPewOetqMjBfJ5qkF68gtSDMwNGIup9w1gzXKY=",
        "owner": "NixOS",
        "repo": "nixpkgs",
        "rev": "ba436506cd8b9dd6e7982bde212fc1f1a563d518",
        "type": "github"
      },
      "original": {
        "owner": "NixOS",
        "ref": "nixos-unstable-small",
        "repo": "nixpkgs",
        "type": "github"
      }
    },
    "nixpkgs_8": {
      "locked": {
        "lastModified": 1636823747,
        "narHash": "sha256-oWo1nElRAOZqEf90Yek2ixdHyjD+gqtS/pAgwaQ9UhQ=",
        "owner": "nixos",
        "repo": "nixpkgs",
        "rev": "f6a2ed2082d9a51668c86ba27d0b5496f7a2ea93",
        "type": "github"
      },
      "original": {
        "owner": "nixos",
        "repo": "nixpkgs",
        "type": "github"
      }
    },
    "nixpkgs_9": {
      "locked": {
        "lastModified": 1701847270,
        "narHash": "sha256-ttPWHy1NZwJzSzY7OmofFNyrm9kWc+RFFHpJGeQ4kWw=",
        "owner": "NixOS",
        "repo": "nixpkgs",
        "rev": "9ed8ade77aef706a03d8cc3a5ad4f60848ac59a7",
        "type": "github"
      },
      "original": {
        "owner": "NixOS",
        "ref": "nixos-unstable-small",
        "repo": "nixpkgs",
        "type": "github"
      }
    },
    "paisa": {
      "inputs": {
        "flake-utils": "flake-utils",
        "hledger-pkgs": "hledger-pkgs",
        "nixpkgs": "nixpkgs_6"
      },
      "locked": {
        "lastModified": 1754314737,
        "narHash": "sha256-29Dw5yFIMZCRGKVA3b0pRFl+GLzVrCkRR0H9eQkAPcY=",
        "owner": "Ninlives",
        "repo": "paisa",
        "rev": "74ff102367e0b3deaf4afa5e014de5d95cc5ff85",
        "type": "github"
      },
      "original": {
        "owner": "Ninlives",
        "repo": "paisa",
        "type": "github"
      }
    },
    "pre-commit": {
      "inputs": {
        "flake-compat": "flake-compat",
        "gitignore": "gitignore",
        "nixpkgs": [
          "lanzaboote",
          "nixpkgs"
        ]
      },
      "locked": {
        "lastModified": 1776796298,
        "narHash": "sha256-PcRvlWayisPSjd0UcRQbhG8Oqw78AcPE6x872cPRHN8=",
        "owner": "cachix",
        "repo": "pre-commit-hooks.nix",
        "rev": "3cfd774b0a530725a077e17354fbdb87ea1c4aad",
        "type": "github"
      },
      "original": {
        "owner": "cachix",
        "repo": "pre-commit-hooks.nix",
        "type": "github"
      }
    },
    "resign": {
      "inputs": {
        "flake-utils": "flake-utils_2",
        "nixpkgs": "nixpkgs_7"
      },
      "locked": {
        "lastModified": 1686904151,
        "narHash": "sha256-mNKn3SWo+6spgD+4bMVcfuCaPwFr4z73oy4jl/CzmGM=",
        "owner": "NickCao",
        "repo": "resign",
        "rev": "a60d02461537964671ec8a5fff4f5e736229aa81",
        "type": "github"
      },
      "original": {
        "owner": "NickCao",
        "repo": "resign",
        "type": "github"
      }
    },
    "root": {
      "inputs": {
        "data": "data",
        "deckbd": "deckbd",
        "disko": "disko",
        "flake-parts": "flake-parts",
        "home-manager": "home-manager",
        "jovian": "jovian",
        "lanzaboote": "lanzaboote",
        "minegrub-theme": "minegrub-theme",
        "nixpkgs": "nixpkgs_5",
        "paisa": "paisa",
        "resign": "resign",
        "sops-nix": "sops-nix",
        "terranix": "terranix",
        "terrasops": "terrasops",
        "values": "values"
      }
    },
    "rust-overlay": {
      "inputs": {
        "nixpkgs": [
          "lanzaboote",
          "nixpkgs"
        ]
      },
      "locked": {
        "lastModified": 1778383025,
        "narHash": "sha256-UK7s2LJS1YwIMFL7PSaNJvLXT9pyRgm7X+HNPgMXiEE=",
        "owner": "oxalica",
        "repo": "rust-overlay",
        "rev": "4568a557ca325ff81fb354382d4a9968daa1001a",
        "type": "github"
      },
      "original": {
        "owner": "oxalica",
        "repo": "rust-overlay",
        "type": "github"
      }
    },
    "sops-nix": {
      "inputs": {
        "nixpkgs": [
          "nixpkgs"
        ]
      },
      "locked": {
        "lastModified": 1777944972,
        "narHash": "sha256-VfGRo1qTBKOe3s2gOv8LSoA6Fk19PvBlwQ1ECN0Evn8=",
        "owner": "Mic92",
        "repo": "sops-nix",
        "rev": "c591bf665727040c6cc5cb409079acb22dcce33c",
        "type": "github"
      },
      "original": {
        "owner": "Mic92",
        "repo": "sops-nix",
        "type": "github"
      }
    },
    "systems": {
      "locked": {
        "lastModified": 1681028828,
        "narHash": "sha256-Vy1rq5AaRuLzOxct8nz4T6wlgyUR7zLU309k9mBC768=",
        "owner": "nix-systems",
        "repo": "default",
        "rev": "da67096a3b9bf56a91d16901293e51ba5b49a27e",
        "type": "github"
      },
      "original": {
        "owner": "nix-systems",
        "repo": "default",
        "type": "github"
      }
    },
    "systems_2": {
      "locked": {
        "lastModified": 1681028828,
        "narHash": "sha256-Vy1rq5AaRuLzOxct8nz4T6wlgyUR7zLU309k9mBC768=",
        "owner": "nix-systems",
        "repo": "default",
        "rev": "da67096a3b9bf56a91d16901293e51ba5b49a27e",
        "type": "github"
      },
      "original": {
        "owner": "nix-systems",
        "repo": "default",
        "type": "github"
      }
    },
    "systems_3": {
      "locked": {
        "lastModified": 1681028828,
        "narHash": "sha256-Vy1rq5AaRuLzOxct8nz4T6wlgyUR7zLU309k9mBC768=",
        "owner": "nix-systems",
        "repo": "default",
        "rev": "da67096a3b9bf56a91d16901293e51ba5b49a27e",
        "type": "github"
      },
      "original": {
        "owner": "nix-systems",
        "repo": "default",
        "type": "github"
      }
    },
    "terranix": {
      "inputs": {
        "bats-assert": "bats-assert",
        "bats-support": "bats-support",
        "flake-utils": "flake-utils_3",
        "nixpkgs": "nixpkgs_8",
        "terranix-examples": "terranix-examples"
      },
      "locked": {
        "lastModified": 1669832511,
        "narHash": "sha256-PDorwUjo8F5Qtl8YY+wd4tUvJiRnuxCNfaLEwUNMM7A=",
        "owner": "Ninlives",
        "repo": "terranix",
        "rev": "a957fcedbff898b13c9b5008a5a84f4952705ff7",
        "type": "github"
      },
      "original": {
        "owner": "Ninlives",
        "repo": "terranix",
        "type": "github"
      }
    },
    "terranix-examples": {
      "locked": {
        "lastModified": 1636300201,
        "narHash": "sha256-0n1je1WpiR6XfCsvi8ZK7GrpEnMl+DpwhWaO1949Vbc=",
        "owner": "terranix",
        "repo": "terranix-examples",
        "rev": "a934aa1cf88f6bd6c6ddb4c77b77ec6e1660bd5e",
        "type": "github"
      },
      "original": {
        "owner": "terranix",
        "repo": "terranix-examples",
        "type": "github"
      }
    },
    "terrasops": {
      "inputs": {
        "flake-utils": "flake-utils_4",
        "nixpkgs": "nixpkgs_9"
      },
      "locked": {
        "lastModified": 1701917356,
        "narHash": "sha256-rYy3ea6ugajsUPNo/KkVuPhCCB/jEttaUMqcD7KqkJ4=",
        "owner": "NickCao",
        "repo": "terrasops",
        "rev": "b4e33e6b463f09d1c629a4733161bbd1ad067509",
        "type": "github"
      },
      "original": {
        "owner": "NickCao",
        "repo": "terrasops",
        "type": "github"
      }
    },
    "values": {
      "inputs": {
        "nixpkgs": "nixpkgs_10"
      },
      "locked": {
        "lastModified": 1739503522,
        "narHash": "sha256-Q7HEOU9ZrUyFwHHCFMJ646DDUquUGXmyGzGUdrC2BX4=",
        "ref": "refs/heads/main",
        "rev": "691f47b8061e9f0cc03144705a21d9d3dae62519",
        "revCount": 15,
        "type": "git",
        "url": "ssh://git@github.com/Ninlives/values.git"
      },
      "original": {
        "type": "git",
        "url": "ssh://git@github.com/Ninlives/values.git"
      }
    }
  },
  "root": "root",
  "version": 7
}
